
Microsoft Visual Studio Solution File, Format Version 12.00
# Visual Studio Version 16
VisualStudioVersion = 16.0.30907.101
MinimumVisualStudioVersion = 10.0.40219.1
Project("{8BC9CEB8-8B4A-11D0-8D11-00A0C91BC942}") = "PipeSender", "PipeSender\PipeSender.vcxproj", "{99FDD3BA-BFCA-4C1D-80F8-348F9C25BC74}"
EndProject
Global
	GlobalSection(SolutionConfigurationPlatforms) = preSolution
		Debug|x64 = Debug|x64
		Debug|x86 = Debug|x86
		Release|x64 = Release|x64
		Release|x86 = Release|x86
	EndGlobalSection
	GlobalSection(ProjectConfigurationPlatforms) = postSolution
		{99FDD3BA-BFCA-4C1D-80F8-348F9C25BC74}.Debug|x64.ActiveCfg = Debug|x64
		{99FDD3BA-BFCA-4C1D-80F8-348F9C25BC74}.Debug|x64.Build.0 = Debug|x64
		{99FDD3BA-BFCA-4C1D-80F8-348F9C25BC74}.Debug|x86.ActiveCfg = Debug|Win32
		{99FDD3BA-BFCA-4C1D-80F8-348F9C25BC74}.Debug|x86.Build.0 = Debug|Win32
		{99FDD3BA-BFCA-4C1D-80F8-348F9C25BC74}.Release|x64.ActiveCfg = Release|x64
		{99FDD3BA-BFCA-4C1D-80F8-348F9C25BC74}.Release|x64.Build.0 = Release|x64
		{99FDD3BA-BFCA-4C1D-80F8-348F9C25BC74}.Release|x86.ActiveCfg = Release|Win32
		{99FDD3BA-BFCA-4C1D-80F8-348F9C25BC74}.Release|x86.Build.0 = Release|Win32
	EndGlobalSection
	GlobalSection(SolutionProperties) = preSolution
		HideSolutionNode = FALSE
	EndGlobalSection
	GlobalSection(ExtensibilityGlobals) = postSolution
		SolutionGuid = {6D4FE6A4-0AEA-465A-8152-EE3D24FCFBF5}
	EndGlobalSection
EndGlobal
